
Microsoft Visual Studio Solution File, Format Version 12.00
# Visual Studio Version 16
VisualStudioVersion = 16.0.30517.126
MinimumVisualStudioVersion = 10.0.40219.1
Project("{FAE04EC0-301F-11D3-BF4B-00C04F79EFBC}") = "Monitorpc", "Monitorpc\Monitorpc.csproj", "{9C203C2E-2651-4A99-8FF3-00022EF80BFD}"
EndProject
Project("{FAE04EC0-301F-11D3-BF4B-00C04F79EFBC}") = "MonitorTask", "MonitorTask\MonitorTask.csproj", "{A580F8A5-A4DD-46D7-B454-8BC5F79D9250}"
EndProject
Global
	GlobalSection(SolutionConfigurationPlatforms) = preSolution
		Debug|Any CPU = Debug|Any CPU
		Release|Any CPU = Release|Any CPU
	EndGlobalSection
	GlobalSection(ProjectConfigurationPlatforms) = postSolution
		{9C203C2E-2651-4A99-8FF3-00022EF80BFD}.Debug|Any CPU.ActiveCfg = Debug|Any CPU
		{9C203C2E-2651-4A99-8FF3-00022EF80BFD}.Debug|Any CPU.Build.0 = Debug|Any CPU
		{9C203C2E-2651-4A99-8FF3-00022EF80BFD}.Release|Any CPU.ActiveCfg = Release|Any CPU
		{9C203C2E-2651-4A99-8FF3-00022EF80BFD}.Release|Any CPU.Build.0 = Release|Any CPU
		{A580F8A5-A4DD-46D7-B454-8BC5F79D9250}.Debug|Any CPU.ActiveCfg = Debug|Any CPU
		{A580F8A5-A4DD-46D7-B454-8BC5F79D9250}.Debug|Any CPU.Build.0 = Debug|Any CPU
		{A580F8A5-A4DD-46D7-B454-8BC5F79D9250}.Release|Any CPU.ActiveCfg = Release|Any CPU
		{A580F8A5-A4DD-46D7-B454-8BC5F79D9250}.Release|Any CPU.Build.0 = Release|Any CPU
	EndGlobalSection
	GlobalSection(SolutionProperties) = preSolution
		HideSolutionNode = FALSE
	EndGlobalSection
	GlobalSection(ExtensibilityGlobals) = postSolution
		SolutionGuid = {A068EDBD-3D5D-4D1F-A23F-E898C6348981}
	EndGlobalSection
EndGlobal
